
Microsoft Visual Studio Solution File, Format Version 12.00
# Visual Studio Version 16
VisualStudioVersion = 16.0.31624.102
MinimumVisualStudioVersion = 10.0.40219.1
Project("{8BC9CEB8-8B4A-11D0-8D11-00A0C91BC942}") = "OOP3200-Lab2-Group6", "OOP3200-Lab2-Group6\OOP3200-Lab2-Group6.vcxproj", "{7E029F4E-961A-4BF0-9667-14DFDD5962FF}"
EndProject
Global
	GlobalSection(SolutionConfigurationPlatforms) = preSolution
		Debug|x64 = Debug|x64
		Debug|x86 = Debug|x86
		Release|x64 = Release|x64
		Release|x86 = Release|x86
	EndGlobalSection
	GlobalSection(ProjectConfigurationPlatforms) = postSolution
		{7E029F4E-961A-4BF0-9667-14DFDD5962FF}.Debug|x64.ActiveCfg = Debug|x64
		{7E029F4E-961A-4BF0-9667-14DFDD5962FF}.Debug|x64.Build.0 = Debug|x64
		{7E029F4E-961A-4BF0-9667-14DFDD5962FF}.Debug|x86.ActiveCfg = Debug|Win32
		{7E029F4E-961A-4BF0-9667-14DFDD5962FF}.Debug|x86.Build.0 = Debug|Win32
		{7E029F4E-961A-4BF0-9667-14DFDD5962FF}.Release|x64.ActiveCfg = Release|x64
		{7E029F4E-961A-4BF0-9667-14DFDD5962FF}.Release|x64.Build.0 = Release|x64
		{7E029F4E-961A-4BF0-9667-14DFDD5962FF}.Release|x86.ActiveCfg = Release|Win32
		{7E029F4E-961A-4BF0-9667-14DFDD5962FF}.Release|x86.Build.0 = Release|Win32
	EndGlobalSection
	GlobalSection(SolutionProperties) = preSolution
		HideSolutionNode = FALSE
	EndGlobalSection
	GlobalSection(ExtensibilityGlobals) = postSolution
		SolutionGuid = {3F0106F6-C5EC-4CC3-807D-ED3C75688ECD}
	EndGlobalSection
EndGlobal
